
Microsoft Visual Studio Solution File, Format Version 12.00
Project("{FAE04EC0-301F-11D3-BF4B-00C04F79EFBC}") = "Api", "Api\Api.csproj", "{E5968B39-A632-47AE-8909-DF7D52AFFD12}"
EndProject
Project("{FAE04EC0-301F-11D3-BF4B-00C04F79EFBC}") = "Domain", "Domain\Domain.csproj", "{DB3A9C38-5221-454A-8739-A8FF1072EA5E}"
EndProject
Project("{FAE04EC0-301F-11D3-BF4B-00C04F79EFBC}") = "Infrastructured", "Infrastructured\Infrastructured.csproj", "{F74B871D-D12F-4FCB-8BC8-52BD79C827FC}"
EndProject
Project("{FAE04EC0-301F-11D3-BF4B-00C04F79EFBC}") = "Services", "Services\Services.csproj", "{4C9B4304-C5B1-46F8-A164-9DC462398868}"
EndProject
Project("{2150E333-8FDC-42A3-9474-1A3956D46DE8}") = "Libs", "Libs", "{786609FB-ABEB-4B2C-84F6-132BFCEA4CE7}"
EndProject
Project("{FAE04EC0-301F-11D3-BF4B-00C04F79EFBC}") = "CoreLib", "..\Libs\CoreLib\CoreLib\CoreLib.csproj", "{1FDE7E62-8EC2-45E4-8780-C1CBF6178A3C}"
EndProject
Project("{FAE04EC0-301F-11D3-BF4B-00C04F79EFBC}") = "IdentityConnectionLib", "..\Libs\CoreLib\IdentityConnectionLib\IdentityConnectionLib.csproj", "{A02FF056-E5BD-4C9E-8083-E58DE9F9F13B}"
EndProject
Global
	GlobalSection(SolutionConfigurationPlatforms) = preSolution
		Debug|Any CPU = Debug|Any CPU
		Release|Any CPU = Release|Any CPU
	EndGlobalSection
	GlobalSection(ProjectConfigurationPlatforms) = postSolution
		{E5968B39-A632-47AE-8909-DF7D52AFFD12}.Debug|Any CPU.ActiveCfg = Debug|Any CPU
		{E5968B39-A632-47AE-8909-DF7D52AFFD12}.Debug|Any CPU.Build.0 = Debug|Any CPU
		{E5968B39-A632-47AE-8909-DF7D52AFFD12}.Release|Any CPU.ActiveCfg = Release|Any CPU
		{E5968B39-A632-47AE-8909-DF7D52AFFD12}.Release|Any CPU.Build.0 = Release|Any CPU
		{DB3A9C38-5221-454A-8739-A8FF1072EA5E}.Debug|Any CPU.ActiveCfg = Debug|Any CPU
		{DB3A9C38-5221-454A-8739-A8FF1072EA5E}.Debug|Any CPU.Build.0 = Debug|Any CPU
		{DB3A9C38-5221-454A-8739-A8FF1072EA5E}.Release|Any CPU.ActiveCfg = Release|Any CPU
		{DB3A9C38-5221-454A-8739-A8FF1072EA5E}.Release|Any CPU.Build.0 = Release|Any CPU
		{F74B871D-D12F-4FCB-8BC8-52BD79C827FC}.Debug|Any CPU.ActiveCfg = Debug|Any CPU
		{F74B871D-D12F-4FCB-8BC8-52BD79C827FC}.Debug|Any CPU.Build.0 = Debug|Any CPU
		{F74B871D-D12F-4FCB-8BC8-52BD79C827FC}.Release|Any CPU.ActiveCfg = Release|Any CPU
		{F74B871D-D12F-4FCB-8BC8-52BD79C827FC}.Release|Any CPU.Build.0 = Release|Any CPU
		{4C9B4304-C5B1-46F8-A164-9DC462398868}.Debug|Any CPU.ActiveCfg = Debug|Any CPU
		{4C9B4304-C5B1-46F8-A164-9DC462398868}.Debug|Any CPU.Build.0 = Debug|Any CPU
		{4C9B4304-C5B1-46F8-A164-9DC462398868}.Release|Any CPU.ActiveCfg = Release|Any CPU
		{4C9B4304-C5B1-46F8-A164-9DC462398868}.Release|Any CPU.Build.0 = Release|Any CPU
		{1FDE7E62-8EC2-45E4-8780-C1CBF6178A3C}.Debug|Any CPU.ActiveCfg = Debug|Any CPU
		{1FDE7E62-8EC2-45E4-8780-C1CBF6178A3C}.Debug|Any CPU.Build.0 = Debug|Any CPU
		{1FDE7E62-8EC2-45E4-8780-C1CBF6178A3C}.Release|Any CPU.ActiveCfg = Release|Any CPU
		{1FDE7E62-8EC2-45E4-8780-C1CBF6178A3C}.Release|Any CPU.Build.0 = Release|Any CPU
		{A02FF056-E5BD-4C9E-8083-E58DE9F9F13B}.Debug|Any CPU.ActiveCfg = Debug|Any CPU
		{A02FF056-E5BD-4C9E-8083-E58DE9F9F13B}.Debug|Any CPU.Build.0 = Debug|Any CPU
		{A02FF056-E5BD-4C9E-8083-E58DE9F9F13B}.Release|Any CPU.ActiveCfg = Release|Any CPU
		{A02FF056-E5BD-4C9E-8083-E58DE9F9F13B}.Release|Any CPU.Build.0 = Release|Any CPU
	EndGlobalSection
	GlobalSection(NestedProjects) = preSolution
		{1FDE7E62-8EC2-45E4-8780-C1CBF6178A3C} = {786609FB-ABEB-4B2C-84F6-132BFCEA4CE7}
		{A02FF056-E5BD-4C9E-8083-E58DE9F9F13B} = {786609FB-ABEB-4B2C-84F6-132BFCEA4CE7}
	EndGlobalSection
EndGlobal
